
Microsoft Visual Studio Solution File, Format Version 12.00
# Visual Studio Version 17
VisualStudioVersion = 17.10.34928.147
MinimumVisualStudioVersion = 10.0.40219.1
Project("{FAE04EC0-301F-11D3-BF4B-00C04F79EFBC}") = "Dsys", "Dsys\Dsys.csproj", "{C749CC83-8442-4F04-A845-8A68DBEFB5B7}"
EndProject
Global
	GlobalSection(SolutionConfigurationPlatforms) = preSolution
		Debug|Any CPU = Debug|Any CPU
		Release|Any CPU = Release|Any CPU
	EndGlobalSection
	GlobalSection(ProjectConfigurationPlatforms) = postSolution
		{C749CC83-8442-4F04-A845-8A68DBEFB5B7}.Debug|Any CPU.ActiveCfg = Debug|Any CPU
		{C749CC83-8442-4F04-A845-8A68DBEFB5B7}.Debug|Any CPU.Build.0 = Debug|Any CPU
		{C749CC83-8442-4F04-A845-8A68DBEFB5B7}.Release|Any CPU.ActiveCfg = Release|Any CPU
		{C749CC83-8442-4F04-A845-8A68DBEFB5B7}.Release|Any CPU.Build.0 = Release|Any CPU
	EndGlobalSection
	GlobalSection(SolutionProperties) = preSolution
		HideSolutionNode = FALSE
	EndGlobalSection
	GlobalSection(ExtensibilityGlobals) = postSolution
		SolutionGuid = {1666E6BD-C036-45CF-8001-3EF10604750D}
	EndGlobalSection
EndGlobal
